// !$*UTF8*$!
{
	archiveVersion = 1;
	classes = {
	};
	objectVersion = 51;
	objects = {

/* Begin PBXBuildFile section */
		69EC9C871C960F7010267C6A /* Pods_DevelopIt.framework in Frameworks */ = {isa = PBXBuildFile; fileRef = 16A6B43870547548B0E7B628 /* Pods_DevelopIt.framework */; };
		EC3595D822C0116C00BD11DF /* DevelopItTests.swift in Sources */ = {isa = PBXBuildFile; fileRef = EC3595D722C0116C00BD11DF /* DevelopItTests.swift */; };
		EC3595E122C0128300BD11DF /* DevelopIt.xcdatamodeld in Sources */ = {isa = PBXBuildFile; fileRef = EC3595DF22C0128300BD11DF /* DevelopIt.xcdatamodeld */; };
		EC3595E322C0149300BD11DF /* Timer+Convenience.swift in Sources */ = {isa = PBXBuildFile; fileRef = EC3595E222C0149300BD11DF /* Timer+Convenience.swift */; };
		EC3595E522C015B500BD11DF /* CoreDataStack.swift in Sources */ = {isa = PBXBuildFile; fileRef = EC3595E422C015B500BD11DF /* CoreDataStack.swift */; };
		EC49D3BE22C15F9800683A58 /* TimerModelController.swift in Sources */ = {isa = PBXBuildFile; fileRef = EC49D3BC22C15F9000683A58 /* TimerModelController.swift */; };
		EC49D3C322C1624900683A58 /* Preset+CoreDataClass.swift in Sources */ = {isa = PBXBuildFile; fileRef = EC49D3BF22C1624900683A58 /* Preset+CoreDataClass.swift */; };
		EC49D3C422C1624900683A58 /* Timer+CoreDataClass.swift in Sources */ = {isa = PBXBuildFile; fileRef = EC49D3C022C1624900683A58 /* Timer+CoreDataClass.swift */; };
		EC49D3C522C1624900683A58 /* Preset+CoreDataProperties.swift in Sources */ = {isa = PBXBuildFile; fileRef = EC49D3C122C1624900683A58 /* Preset+CoreDataProperties.swift */; };
		EC49D3C622C1624900683A58 /* Timer+CoreDataProperties.swift in Sources */ = {isa = PBXBuildFile; fileRef = EC49D3C222C1624900683A58 /* Timer+CoreDataProperties.swift */; };
		EC49D3C822C18B5900683A58 /* TimerViewController.swift in Sources */ = {isa = PBXBuildFile; fileRef = EC49D3C722C18B5900683A58 /* TimerViewController.swift */; };
		EC49D3CA22C1A04600683A58 /* Timer.swift in Sources */ = {isa = PBXBuildFile; fileRef = EC49D3C922C1A04600683A58 /* Timer.swift */; };
		EC49D3CC22C1A43300683A58 /* TimerState.swift in Sources */ = {isa = PBXBuildFile; fileRef = EC49D3CB22C1A43300683A58 /* TimerState.swift */; };
		EC49D3D022C1D29C00683A58 /* TimerCollectionViewCell.swift in Sources */ = {isa = PBXBuildFile; fileRef = EC49D3CF22C1D29B00683A58 /* TimerCollectionViewCell.swift */; };
		EC49D3D222C1D51000683A58 /* AddTimerViewController.swift in Sources */ = {isa = PBXBuildFile; fileRef = EC49D3D122C1D51000683A58 /* AddTimerViewController.swift */; };
		EC5A7F7F22BDC35A00C22DA0 /* AppDelegate.swift in Sources */ = {isa = PBXBuildFile; fileRef = EC5A7F7E22BDC35A00C22DA0 /* AppDelegate.swift */; };
		EC5A7F8422BDC35A00C22DA0 /* Main.storyboard in Resources */ = {isa = PBXBuildFile; fileRef = EC5A7F8222BDC35A00C22DA0 /* Main.storyboard */; };
		EC5A7F8622BDC35F00C22DA0 /* Assets.xcassets in Resources */ = {isa = PBXBuildFile; fileRef = EC5A7F8522BDC35F00C22DA0 /* Assets.xcassets */; };
		EC5A7F8922BDC35F00C22DA0 /* LaunchScreen.storyboard in Resources */ = {isa = PBXBuildFile; fileRef = EC5A7F8722BDC35F00C22DA0 /* LaunchScreen.storyboard */; };
		ECA8844D22C2FB3800C12A4C /* Gentle-wake-alarm-clock.mp3 in Resources */ = {isa = PBXBuildFile; fileRef = ECA8844C22C2FB3800C12A4C /* Gentle-wake-alarm-clock.mp3 */; };
		ECB341B822BDE1DB00693597 /* Pacifico.ttf in Resources */ = {isa = PBXBuildFile; fileRef = ECB341B722BDE1DB00693597 /* Pacifico.ttf */; };
		ECD3933622C30EB2001A4C4A /* MenuTableViewController.swift in Sources */ = {isa = PBXBuildFile; fileRef = ECD3933522C30EB2001A4C4A /* MenuTableViewController.swift */; };
		ECF30FB922C0B6F40042680B /* Preset+Convenience.swift in Sources */ = {isa = PBXBuildFile; fileRef = ECF30FB822C0B6F40042680B /* Preset+Convenience.swift */; };
		ECF30FC322C0B8770042680B /* TestCoreDataStack.swift in Sources */ = {isa = PBXBuildFile; fileRef = ECF30FC222C0B8770042680B /* TestCoreDataStack.swift */; };
		ECF30FC522C0BD600042680B /* PresetModelController.swift in Sources */ = {isa = PBXBuildFile; fileRef = ECF30FC422C0BD600042680B /* PresetModelController.swift */; };
/* End PBXBuildFile section */

/* Begin PBXContainerItemProxy section */
		EC3595DA22C0116C00BD11DF /* PBXContainerItemProxy */ = {
			isa = PBXContainerItemProxy;
			containerPortal = EC5A7F7322BDC35A00C22DA0 /* Project object */;
			proxyType = 1;
			remoteGlobalIDString = EC5A7F7A22BDC35A00C22DA0;
			remoteInfo = DevelopIt;
		};
/* End PBXContainerItemProxy section */

/* Begin PBXFileReference section */
		16A6B43870547548B0E7B628 /* Pods_DevelopIt.framework */ = {isa = PBXFileReference; explicitFileType = wrapper.framework; includeInIndex = 0; path = Pods_DevelopIt.framework; sourceTree = BUILT_PRODUCTS_DIR; };
		6D4DDDD89E4FCA900DA5593B /* Pods-DevelopIt.release.xcconfig */ = {isa = PBXFileReference; includeInIndex = 1; lastKnownFileType = text.xcconfig; name = "Pods-DevelopIt.release.xcconfig"; path = "Target Support Files/Pods-DevelopIt/Pods-DevelopIt.release.xcconfig"; sourceTree = "<group>"; };
		C97125ADEA163B4D612ADA26 /* Pods-DevelopIt.debug.xcconfig */ = {isa = PBXFileReference; includeInIndex = 1; lastKnownFileType = text.xcconfig; name = "Pods-DevelopIt.debug.xcconfig"; path = "Target Support Files/Pods-DevelopIt/Pods-DevelopIt.debug.xcconfig"; sourceTree = "<group>"; };
		EC3595D522C0116B00BD11DF /* DevelopItTests.xctest */ = {isa = PBXFileReference; explicitFileType = wrapper.cfbundle; includeInIndex = 0; path = DevelopItTests.xctest; sourceTree = BUILT_PRODUCTS_DIR; };
		EC3595D722C0116C00BD11DF /* DevelopItTests.swift */ = {isa = PBXFileReference; lastKnownFileType = sourcecode.swift; path = DevelopItTests.swift; sourceTree = "<group>"; };
		EC3595D922C0116C00BD11DF /* Info.plist */ = {isa = PBXFileReference; lastKnownFileType = text.plist.xml; path = Info.plist; sourceTree = "<group>"; };
		EC3595E022C0128300BD11DF /* DevelopIt.xcdatamodel */ = {isa = PBXFileReference; lastKnownFileType = wrapper.xcdatamodel; path = DevelopIt.xcdatamodel; sourceTree = "<group>"; };
		EC3595E222C0149300BD11DF /* Timer+Convenience.swift */ = {isa = PBXFileReference; lastKnownFileType = sourcecode.swift; name = "Timer+Convenience.swift"; path = "DevelopIt/Extensions+Utilities/Timer+Convenience.swift"; sourceTree = SOURCE_ROOT; };
		EC3595E422C015B500BD11DF /* CoreDataStack.swift */ = {isa = PBXFileReference; lastKnownFileType = sourcecode.swift; path = CoreDataStack.swift; sourceTree = "<group>"; };
		EC49D3BC22C15F9000683A58 /* TimerModelController.swift */ = {isa = PBXFileReference; lastKnownFileType = sourcecode.swift; name = TimerModelController.swift; path = "DevelopIt/Model Controllers/TimerModelController.swift"; sourceTree = SOURCE_ROOT; };
		EC49D3BF22C1624900683A58 /* Preset+CoreDataClass.swift */ = {isa = PBXFileReference; fileEncoding = 4; lastKnownFileType = sourcecode.swift; path = "Preset+CoreDataClass.swift"; sourceTree = "<group>"; };
		EC49D3C022C1624900683A58 /* Timer+CoreDataClass.swift */ = {isa = PBXFileReference; fileEncoding = 4; lastKnownFileType = sourcecode.swift; path = "Timer+CoreDataClass.swift"; sourceTree = "<group>"; };
		EC49D3C122C1624900683A58 /* Preset+CoreDataProperties.swift */ = {isa = PBXFileReference; fileEncoding = 4; lastKnownFileType = sourcecode.swift; path = "Preset+CoreDataProperties.swift"; sourceTree = "<group>"; };
		EC49D3C222C1624900683A58 /* Timer+CoreDataProperties.swift */ = {isa = PBXFileReference; fileEncoding = 4; lastKnownFileType = sourcecode.swift; path = "Timer+CoreDataProperties.swift"; sourceTree = "<group>"; };
		EC49D3C722C18B5900683A58 /* TimerViewController.swift */ = {isa = PBXFileReference; lastKnownFileType = sourcecode.swift; path = TimerViewController.swift; sourceTree = "<group>"; };
		EC49D3C922C1A04600683A58 /* Timer.swift */ = {isa = PBXFileReference; lastKnownFileType = sourcecode.swift; path = Timer.swift; sourceTree = "<group>"; };
		EC49D3CB22C1A43300683A58 /* TimerState.swift */ = {isa = PBXFileReference; lastKnownFileType = sourcecode.swift; path = TimerState.swift; sourceTree = "<group>"; };
		EC49D3CF22C1D29B00683A58 /* TimerCollectionViewCell.swift */ = {isa = PBXFileReference; lastKnownFileType = sourcecode.swift; path = TimerCollectionViewCell.swift; sourceTree = "<group>"; };
		EC49D3D122C1D51000683A58 /* AddTimerViewController.swift */ = {isa = PBXFileReference; lastKnownFileType = sourcecode.swift; path = AddTimerViewController.swift; sourceTree = "<group>"; };
		EC5A7F7B22BDC35A00C22DA0 /* DevelopIt.app */ = {isa = PBXFileReference; explicitFileType = wrapper.application; includeInIndex = 0; path = DevelopIt.app; sourceTree = BUILT_PRODUCTS_DIR; };
		EC5A7F7E22BDC35A00C22DA0 /* AppDelegate.swift */ = {isa = PBXFileReference; lastKnownFileType = sourcecode.swift; path = AppDelegate.swift; sourceTree = "<group>"; };
		EC5A7F8322BDC35A00C22DA0 /* Base */ = {isa = PBXFileReference; lastKnownFileType = file.storyboard; name = Base; path = Base.lproj/Main.storyboard; sourceTree = "<group>"; };
		EC5A7F8522BDC35F00C22DA0 /* Assets.xcassets */ = {isa = PBXFileReference; lastKnownFileType = folder.assetcatalog; path = Assets.xcassets; sourceTree = "<group>"; };
		EC5A7F8822BDC35F00C22DA0 /* Base */ = {isa = PBXFileReference; lastKnownFileType = file.storyboard; name = Base; path = Base.lproj/LaunchScreen.storyboard; sourceTree = "<group>"; };
		EC5A7F8A22BDC35F00C22DA0 /* Info.plist */ = {isa = PBXFileReference; lastKnownFileType = text.plist.xml; path = Info.plist; sourceTree = "<group>"; };
		ECA8844C22C2FB3800C12A4C /* Gentle-wake-alarm-clock.mp3 */ = {isa = PBXFileReference; lastKnownFileType = audio.mp3; path = "Gentle-wake-alarm-clock.mp3"; sourceTree = "<group>"; };
		ECB341B722BDE1DB00693597 /* Pacifico.ttf */ = {isa = PBXFileReference; lastKnownFileType = file; path = Pacifico.ttf; sourceTree = "<group>"; };
		ECD3933522C30EB2001A4C4A /* MenuTableViewController.swift */ = {isa = PBXFileReference; lastKnownFileType = sourcecode.swift; path = MenuTableViewController.swift; sourceTree = "<group>"; };
		ECF183C722C4266B006E0630 /* Poppins-Black.ttf */ = {isa = PBXFileReference; lastKnownFileType = file; path = "Poppins-Black.ttf"; sourceTree = "<group>"; };
		ECF183C822C4266C006E0630 /* Poppins-Medium.ttf */ = {isa = PBXFileReference; lastKnownFileType = file; path = "Poppins-Medium.ttf"; sourceTree = "<group>"; };
		ECF183C922C4266C006E0630 /* Poppins-Regular.ttf */ = {isa = PBXFileReference; lastKnownFileType = file; path = "Poppins-Regular.ttf"; sourceTree = "<group>"; };
		ECF30FB822C0B6F40042680B /* Preset+Convenience.swift */ = {isa = PBXFileReference; lastKnownFileType = sourcecode.swift; path = "Preset+Convenience.swift"; sourceTree = "<group>"; };
		ECF30FC222C0B8770042680B /* TestCoreDataStack.swift */ = {isa = PBXFileReference; lastKnownFileType = sourcecode.swift; path = TestCoreDataStack.swift; sourceTree = "<group>"; };
		ECF30FC422C0BD600042680B /* PresetModelController.swift */ = {isa = PBXFileReference; lastKnownFileType = sourcecode.swift; path = PresetModelController.swift; sourceTree = "<group>"; };
/* End PBXFileReference section */

/* Begin PBXFrameworksBuildPhase section */
		EC3595D222C0116B00BD11DF /* Frameworks */ = {
			isa = PBXFrameworksBuildPhase;
			buildActionMask = 2147483647;
			files = (
			);
			runOnlyForDeploymentPostprocessing = 0;
		};
		EC5A7F7822BDC35A00C22DA0 /* Frameworks */ = {
			isa = PBXFrameworksBuildPhase;
			buildActionMask = 2147483647;
			files = (
				69EC9C871C960F7010267C6A /* Pods_DevelopIt.framework in Frameworks */,
			);
			runOnlyForDeploymentPostprocessing = 0;
		};
/* End PBXFrameworksBuildPhase section */

/* Begin PBXGroup section */
		6E9CB76B90A736949B1FA49E /* Frameworks */ = {
			isa = PBXGroup;
			children = (
				16A6B43870547548B0E7B628 /* Pods_DevelopIt.framework */,
			);
			name = Frameworks;
			sourceTree = "<group>";
		};
		9BB7265F44D49D01EE9254EF /* Pods */ = {
			isa = PBXGroup;
			children = (
				C97125ADEA163B4D612ADA26 /* Pods-DevelopIt.debug.xcconfig */,
				6D4DDDD89E4FCA900DA5593B /* Pods-DevelopIt.release.xcconfig */,
			);
			path = Pods;
			sourceTree = "<group>";
		};
		EC3595D622C0116C00BD11DF /* DevelopItTests */ = {
			isa = PBXGroup;
			children = (
				EC3595D722C0116C00BD11DF /* DevelopItTests.swift */,
				EC3595D922C0116C00BD11DF /* Info.plist */,
				ECF30FC222C0B8770042680B /* TestCoreDataStack.swift */,
			);
			path = DevelopItTests;
			sourceTree = "<group>";
		};
		EC49D3CE22C1D26100683A58 /* Cell */ = {
			isa = PBXGroup;
			children = (
				EC49D3CF22C1D29B00683A58 /* TimerCollectionViewCell.swift */,
			);
			path = Cell;
			sourceTree = "<group>";
		};
		EC5A7F7222BDC35A00C22DA0 = {
			isa = PBXGroup;
			children = (
				EC5A7F7D22BDC35A00C22DA0 /* DevelopIt */,
				EC3595D622C0116C00BD11DF /* DevelopItTests */,
				EC5A7F7C22BDC35A00C22DA0 /* Products */,
				9BB7265F44D49D01EE9254EF /* Pods */,
				6E9CB76B90A736949B1FA49E /* Frameworks */,
			);
			sourceTree = "<group>";
		};
		EC5A7F7C22BDC35A00C22DA0 /* Products */ = {
			isa = PBXGroup;
			children = (
				EC5A7F7B22BDC35A00C22DA0 /* DevelopIt.app */,
				EC3595D522C0116B00BD11DF /* DevelopItTests.xctest */,
			);
			name = Products;
			sourceTree = "<group>";
		};
		EC5A7F7D22BDC35A00C22DA0 /* DevelopIt */ = {
			isa = PBXGroup;
			children = (
				ECB341B622BDE04B00693597 /* Extensions+Utilities */,
				ECB341B522BDE03B00693597 /* Model */,
				ECB341B422BDE01E00693597 /* Model Controllers */,
				ECB341B322BDE01300693597 /* View Controllers */,
				EC49D3CE22C1D26100683A58 /* Cell */,
				ECB341B222BDDFFC00693597 /* Storyboards */,
				ECB341B122BDDFED00693597 /* Resources */,
			);
			path = DevelopIt;
			sourceTree = "<group>";
		};
		ECB341B122BDDFED00693597 /* Resources */ = {
			isa = PBXGroup;
			children = (
				EC5A7F7E22BDC35A00C22DA0 /* AppDelegate.swift */,
				EC5A7F8522BDC35F00C22DA0 /* Assets.xcassets */,
				EC5A7F8A22BDC35F00C22DA0 /* Info.plist */,
				ECB341B722BDE1DB00693597 /* Pacifico.ttf */,
				ECF183C722C4266B006E0630 /* Poppins-Black.ttf */,
				ECF183C822C4266C006E0630 /* Poppins-Medium.ttf */,
				ECF183C922C4266C006E0630 /* Poppins-Regular.ttf */,
				ECA8844C22C2FB3800C12A4C /* Gentle-wake-alarm-clock.mp3 */,
			);
			path = Resources;
			sourceTree = "<group>";
		};
		ECB341B222BDDFFC00693597 /* Storyboards */ = {
			isa = PBXGroup;
			children = (
				EC5A7F8222BDC35A00C22DA0 /* Main.storyboard */,
				EC5A7F8722BDC35F00C22DA0 /* LaunchScreen.storyboard */,
			);
			path = Storyboards;
			sourceTree = "<group>";
		};
		ECB341B322BDE01300693597 /* View Controllers */ = {
			isa = PBXGroup;
			children = (
				EC49D3C722C18B5900683A58 /* TimerViewController.swift */,
				EC49D3D122C1D51000683A58 /* AddTimerViewController.swift */,
				ECD3933522C30EB2001A4C4A /* MenuTableViewController.swift */,
			);
			path = "View Controllers";
			sourceTree = "<group>";
		};
		ECB341B422BDE01E00693597 /* Model Controllers */ = {
			isa = PBXGroup;
			children = (
				ECF30FC422C0BD600042680B /* PresetModelController.swift */,
				EC49D3BC22C15F9000683A58 /* TimerModelController.swift */,
			);
			path = "Model Controllers";
			sourceTree = "<group>";
		};
		ECB341B522BDE03B00693597 /* Model */ = {
			isa = PBXGroup;
			children = (
				EC49D3BF22C1624900683A58 /* Preset+CoreDataClass.swift */,
				EC49D3C122C1624900683A58 /* Preset+CoreDataProperties.swift */,
				EC49D3C022C1624900683A58 /* Timer+CoreDataClass.swift */,
				EC49D3C222C1624900683A58 /* Timer+CoreDataProperties.swift */,
				EC3595DF22C0128300BD11DF /* DevelopIt.xcdatamodeld */,
			);
			path = Model;
			sourceTree = "<group>";
		};
		ECB341B622BDE04B00693597 /* Extensions+Utilities */ = {
			isa = PBXGroup;
			children = (
				EC3595E222C0149300BD11DF /* Timer+Convenience.swift */,
				EC3595E422C015B500BD11DF /* CoreDataStack.swift */,
				ECF30FB822C0B6F40042680B /* Preset+Convenience.swift */,
				EC49D3C922C1A04600683A58 /* Timer.swift */,
				EC49D3CB22C1A43300683A58 /* TimerState.swift */,
			);
			path = "Extensions+Utilities";
			sourceTree = "<group>";
		};
/* End PBXGroup section */

/* Begin PBXNativeTarget section */
		EC3595D422C0116B00BD11DF /* DevelopItTests */ = {
			isa = PBXNativeTarget;
			buildConfigurationList = EC3595DE22C0116C00BD11DF /* Build configuration list for PBXNativeTarget "DevelopItTests" */;
			buildPhases = (
				EC3595D122C0116B00BD11DF /* Sources */,
				EC3595D222C0116B00BD11DF /* Frameworks */,
				EC3595D322C0116B00BD11DF /* Resources */,
			);
			buildRules = (
			);
			dependencies = (
				EC3595DB22C0116C00BD11DF /* PBXTargetDependency */,
			);
			name = DevelopItTests;
			productName = DevelopItTests;
			productReference = EC3595D522C0116B00BD11DF /* DevelopItTests.xctest */;
			productType = "com.apple.product-type.bundle.unit-test";
		};
		EC5A7F7A22BDC35A00C22DA0 /* DevelopIt */ = {
			isa = PBXNativeTarget;
			buildConfigurationList = EC5A7F8D22BDC35F00C22DA0 /* Build configuration list for PBXNativeTarget "DevelopIt" */;
			buildPhases = (
				1763FE7E62D5B52E41CE996D /* [CP] Check Pods Manifest.lock */,
				EC5A7F7722BDC35A00C22DA0 /* Sources */,
				EC5A7F7822BDC35A00C22DA0 /* Frameworks */,
				EC5A7F7922BDC35A00C22DA0 /* Resources */,
				CBD1FFB65ED613579C251AED /* [CP] Embed Pods Frameworks */,
			);
			buildRules = (
			);
			dependencies = (
			);
			name = DevelopIt;
			productName = DevelopIt;
			productReference = EC5A7F7B22BDC35A00C22DA0 /* DevelopIt.app */;
			productType = "com.apple.product-type.application";
		};
/* End PBXNativeTarget section */

/* Begin PBXProject section */
		EC5A7F7322BDC35A00C22DA0 /* Project object */ = {
			isa = PBXProject;
			attributes = {
				LastSwiftUpdateCheck = 1020;
				LastUpgradeCheck = 1020;
				ORGANIZATIONNAME = "Christopher Aronson";
				TargetAttributes = {
					EC3595D422C0116B00BD11DF = {
						CreatedOnToolsVersion = 10.2.1;
						TestTargetID = EC5A7F7A22BDC35A00C22DA0;
					};
					EC5A7F7A22BDC35A00C22DA0 = {
						CreatedOnToolsVersion = 10.2.1;
					};
				};
			};
			buildConfigurationList = EC5A7F7622BDC35A00C22DA0 /* Build configuration list for PBXProject "DevelopIt" */;
			compatibilityVersion = "Xcode 9.3";
			developmentRegion = en;
			hasScannedForEncodings = 0;
			knownRegions = (
				en,
				Base,
			);
			mainGroup = EC5A7F7222BDC35A00C22DA0;
			productRefGroup = EC5A7F7C22BDC35A00C22DA0 /* Products */;
			projectDirPath = "";
			projectRoot = "";
			targets = (
				EC5A7F7A22BDC35A00C22DA0 /* DevelopIt */,
				EC3595D422C0116B00BD11DF /* DevelopItTests */,
			);
		};
/* End PBXProject section */

/* Begin PBXResourcesBuildPhase section */
		EC3595D322C0116B00BD11DF /* Resources */ = {
			isa = PBXResourcesBuildPhase;
			buildActionMask = 2147483647;
			files = (
			);
			runOnlyForDeploymentPostprocessing = 0;
		};
		EC5A7F7922BDC35A00C22DA0 /* Resources */ = {
			isa = PBXResourcesBuildPhase;
			buildActionMask = 2147483647;
			files = (
				EC5A7F8922BDC35F00C22DA0 /* LaunchScreen.storyboard in Resources */,
				EC5A7F8622BDC35F00C22DA0 /* Assets.xcassets in Resources */,
				ECB341B822BDE1DB00693597 /* Pacifico.ttf in Resources */,
				ECA8844D22C2FB3800C12A4C /* Gentle-wake-alarm-clock.mp3 in Resources */,
				EC5A7F8422BDC35A00C22DA0 /* Main.storyboard in Resources */,
			);
			runOnlyForDeploymentPostprocessing = 0;
		};
/* End PBXResourcesBuildPhase section */

/* Begin PBXShellScriptBuildPhase section */
		1763FE7E62D5B52E41CE996D /* [CP] Check Pods Manifest.lock */ = {
			isa = PBXShellScriptBuildPhase;
			buildActionMask = 2147483647;
			files = (
			);
			inputFileListPaths = (
			);
			inputPaths = (
				"${PODS_PODFILE_DIR_PATH}/Podfile.lock",
				"${PODS_ROOT}/Manifest.lock",
			);
			name = "[CP] Check Pods Manifest.lock";
			outputFileListPaths = (
			);
			outputPaths = (
				"$(DERIVED_FILE_DIR)/Pods-DevelopIt-checkManifestLockResult.txt",
			);
			runOnlyForDeploymentPostprocessing = 0;
			shellPath = /bin/sh;
			shellScript = "diff \"${PODS_PODFILE_DIR_PATH}/Podfile.lock\" \"${PODS_ROOT}/Manifest.lock\" > /dev/null\nif [ $? != 0 ] ; then\n    # print error to STDERR\n    echo \"error: The sandbox is not in sync with the Podfile.lock. Run 'pod install' or update your CocoaPods installation.\" >&2\n    exit 1\nfi\n# This output is used by Xcode 'outputs' to avoid re-running this script phase.\necho \"SUCCESS\" > \"${SCRIPT_OUTPUT_FILE_0}\"\n";
			showEnvVarsInLog = 0;
		};
		CBD1FFB65ED613579C251AED /* [CP] Embed Pods Frameworks */ = {
			isa = PBXShellScriptBuildPhase;
			buildActionMask = 2147483647;
			files = (
			);
			inputFileListPaths = (
				"${PODS_ROOT}/Target Support Files/Pods-DevelopIt/Pods-DevelopIt-frameworks-${CONFIGURATION}-input-files.xcfilelist",
			);
			name = "[CP] Embed Pods Frameworks";
			outputFileListPaths = (
				"${PODS_ROOT}/Target Support Files/Pods-DevelopIt/Pods-DevelopIt-frameworks-${CONFIGURATION}-output-files.xcfilelist",
			);
			runOnlyForDeploymentPostprocessing = 0;
			shellPath = /bin/sh;
			shellScript = "\"${PODS_ROOT}/Target Support Files/Pods-DevelopIt/Pods-DevelopIt-frameworks.sh\"\n";
			showEnvVarsInLog = 0;
		};
/* End PBXShellScriptBuildPhase section */

/* Begin PBXSourcesBuildPhase section */
		EC3595D122C0116B00BD11DF /* Sources */ = {
			isa = PBXSourcesBuildPhase;
			buildActionMask = 2147483647;
			files = (
				EC3595D822C0116C00BD11DF /* DevelopItTests.swift in Sources */,
				ECF30FC322C0B8770042680B /* TestCoreDataStack.swift in Sources */,
			);
			runOnlyForDeploymentPostprocessing = 0;
		};
		EC5A7F7722BDC35A00C22DA0 /* Sources */ = {
			isa = PBXSourcesBuildPhase;
			buildActionMask = 2147483647;
			files = (
				EC49D3D222C1D51000683A58 /* AddTimerViewController.swift in Sources */,
				ECF30FB922C0B6F40042680B /* Preset+Convenience.swift in Sources */,
				EC49D3C422C1624900683A58 /* Timer+CoreDataClass.swift in Sources */,
				EC3595E522C015B500BD11DF /* CoreDataStack.swift in Sources */,
				EC3595E122C0128300BD11DF /* DevelopIt.xcdatamodeld in Sources */,
				EC49D3CA22C1A04600683A58 /* Timer.swift in Sources */,
				EC49D3CC22C1A43300683A58 /* TimerState.swift in Sources */,
				EC49D3C622C1624900683A58 /* Timer+CoreDataProperties.swift in Sources */,
				EC49D3BE22C15F9800683A58 /* TimerModelController.swift in Sources */,
				EC49D3C322C1624900683A58 /* Preset+CoreDataClass.swift in Sources */,
				ECF30FC522C0BD600042680B /* PresetModelController.swift in Sources */,
				ECD3933622C30EB2001A4C4A /* MenuTableViewController.swift in Sources */,
				EC49D3D022C1D29C00683A58 /* TimerCollectionViewCell.swift in Sources */,
				EC49D3C522C1624900683A58 /* Preset+CoreDataProperties.swift in Sources */,
				EC49D3C822C18B5900683A58 /* TimerViewController.swift in Sources */,
				EC5A7F7F22BDC35A00C22DA0 /* AppDelegate.swift in Sources */,
				EC3595E322C0149300BD11DF /* Timer+Convenience.swift in Sources */,
			);
			runOnlyForDeploymentPostprocessing = 0;
		};
/* End PBXSourcesBuildPhase section */

/* Begin PBXTargetDependency section */
		EC3595DB22C0116C00BD11DF /* PBXTargetDependency */ = {
			isa = PBXTargetDependency;
			target = EC5A7F7A22BDC35A00C22DA0 /* DevelopIt */;
			targetProxy = EC3595DA22C0116C00BD11DF /* PBXContainerItemProxy */;
		};
/* End PBXTargetDependency section */

/* Begin PBXVariantGroup section */
		EC5A7F8222BDC35A00C22DA0 /* Main.storyboard */ = {
			isa = PBXVariantGroup;
			children = (
				EC5A7F8322BDC35A00C22DA0 /* Base */,
			);
			name = Main.storyboard;
			sourceTree = "<group>";
		};
		EC5A7F8722BDC35F00C22DA0 /* LaunchScreen.storyboard */ = {
			isa = PBXVariantGroup;
			children = (
				EC5A7F8822BDC35F00C22DA0 /* Base */,
			);
			name = LaunchScreen.storyboard;
			sourceTree = "<group>";
		};
/* End PBXVariantGroup section */

/* Begin XCBuildConfiguration section */
		EC3595DC22C0116C00BD11DF /* Debug */ = {
			isa = XCBuildConfiguration;
			buildSettings = {
				BUNDLE_LOADER = "$(TEST_HOST)";
				CODE_SIGN_STYLE = Automatic;
				DEVELOPMENT_TEAM = VXUQXR6S56;
				INFOPLIST_FILE = DevelopItTests/Info.plist;
				LD_RUNPATH_SEARCH_PATHS = (
					"$(inherited)",
					"@executable_path/Frameworks",
					"@loader_path/Frameworks",
				);
				PRODUCT_BUNDLE_IDENTIFIER = io.chrisopheraronson.DevelopItTests;
				PRODUCT_NAME = "$(TARGET_NAME)";
				SWIFT_VERSION = 5.0;
				TARGETED_DEVICE_FAMILY = "1,2";
				TEST_HOST = "$(BUILT_PRODUCTS_DIR)/DevelopIt.app/DevelopIt";
			};
			name = Debug;
		};
		EC3595DD22C0116C00BD11DF /* Release */ = {
			isa = XCBuildConfiguration;
			buildSettings = {
				BUNDLE_LOADER = "$(TEST_HOST)";
				CODE_SIGN_STYLE = Automatic;
				DEVELOPMENT_TEAM = VXUQXR6S56;
				INFOPLIST_FILE = DevelopItTests/Info.plist;
				LD_RUNPATH_SEARCH_PATHS = (
					"$(inherited)",
					"@executable_path/Frameworks",
					"@loader_path/Frameworks",
				);
				PRODUCT_BUNDLE_IDENTIFIER = io.chrisopheraronson.DevelopItTests;
				PRODUCT_NAME = "$(TARGET_NAME)";
				SWIFT_VERSION = 5.0;
				TARGETED_DEVICE_FAMILY = "1,2";
				TEST_HOST = "$(BUILT_PRODUCTS_DIR)/DevelopIt.app/DevelopIt";
			};
			name = Release;
		};
		EC5A7F8B22BDC35F00C22DA0 /* Debug */ = {
			isa = XCBuildConfiguration;
			buildSettings = {
				ALWAYS_SEARCH_USER_PATHS = NO;
				CLANG_ANALYZER_NONNULL = YES;
				CLANG_ANALYZER_NUMBER_OBJECT_CONVERSION = YES_AGGRESSIVE;
				CLANG_CXX_LANGUAGE_STANDARD = "gnu++14";
				CLANG_CXX_LIBRARY = "libc++";
				CLANG_ENABLE_MODULES = YES;
				CLANG_ENABLE_OBJC_ARC = YES;
				CLANG_ENABLE_OBJC_WEAK = YES;
				CLANG_WARN_BLOCK_CAPTURE_AUTORELEASING = YES;
				CLANG_WARN_BOOL_CONVERSION = YES;
				CLANG_WARN_COMMA = YES;
				CLANG_WARN_CONSTANT_CONVERSION = YES;
				CLANG_WARN_DEPRECATED_OBJC_IMPLEMENTATIONS = YES;
				CLANG_WARN_DIRECT_OBJC_ISA_USAGE = YES_ERROR;
				CLANG_WARN_DOCUMENTATION_COMMENTS = YES;
				CLANG_WARN_EMPTY_BODY = YES;
				CLANG_WARN_ENUM_CONVERSION = YES;
				CLANG_WARN_INFINITE_RECURSION = YES;
				CLANG_WARN_INT_CONVERSION = YES;
				CLANG_WARN_NON_LITERAL_NULL_CONVERSION = YES;
				CLANG_WARN_OBJC_IMPLICIT_RETAIN_SELF = YES;
				CLANG_WARN_OBJC_LITERAL_CONVERSION = YES;
				CLANG_WARN_OBJC_ROOT_CLASS = YES_ERROR;
				CLANG_WARN_RANGE_LOOP_ANALYSIS = YES;
				CLANG_WARN_STRICT_PROTOTYPES = YES;
				CLANG_WARN_SUSPICIOUS_MOVE = YES;
				CLANG_WARN_UNGUARDED_AVAILABILITY = YES_AGGRESSIVE;
				CLANG_WARN_UNREACHABLE_CODE = YES;
				CLANG_WARN__DUPLICATE_METHOD_MATCH = YES;
				CODE_SIGN_IDENTITY = "iPhone Developer";
				COPY_PHASE_STRIP = NO;
				DEBUG_INFORMATION_FORMAT = dwarf;
				ENABLE_STRICT_OBJC_MSGSEND = YES;
				ENABLE_TESTABILITY = YES;
				GCC_C_LANGUAGE_STANDARD = gnu11;
				GCC_DYNAMIC_NO_PIC = NO;
				GCC_NO_COMMON_BLOCKS = YES;
				GCC_OPTIMIZATION_LEVEL = 0;
				GCC_PREPROCESSOR_DEFINITIONS = (
					"DEBUG=1",
					"$(inherited)",
				);
				GCC_WARN_64_TO_32_BIT_CONVERSION = YES;
				GCC_WARN_ABOUT_RETURN_TYPE = YES_ERROR;
				GCC_WARN_UNDECLARED_SELECTOR = YES;
				GCC_WARN_UNINITIALIZED_AUTOS = YES_AGGRESSIVE;
				GCC_WARN_UNUSED_FUNCTION = YES;
				GCC_WARN_UNUSED_VARIABLE = YES;
				IPHONEOS_DEPLOYMENT_TARGET = 12.2;
				MTL_ENABLE_DEBUG_INFO = INCLUDE_SOURCE;
				MTL_FAST_MATH = YES;
				ONLY_ACTIVE_ARCH = YES;
				SDKROOT = iphoneos;
				SWIFT_ACTIVE_COMPILATION_CONDITIONS = DEBUG;
				SWIFT_OPTIMIZATION_LEVEL = "-Onone";
			};
			name = Debug;
		};
		EC5A7F8C22BDC35F00C22DA0 /* Release */ = {
			isa = XCBuildConfiguration;
			buildSettings = {
				ALWAYS_SEARCH_USER_PATHS = NO;
				CLANG_ANALYZER_NONNULL = YES;
				CLANG_ANALYZER_NUMBER_OBJECT_CONVERSION = YES_AGGRESSIVE;
				CLANG_CXX_LANGUAGE_STANDARD = "gnu++14";
				CLANG_CXX_LIBRARY = "libc++";
				CLANG_ENABLE_MODULES = YES;
				CLANG_ENABLE_OBJC_ARC = YES;
				CLANG_ENABLE_OBJC_WEAK = YES;
				CLANG_WARN_BLOCK_CAPTURE_AUTORELEASING = YES;
				CLANG_WARN_BOOL_CONVERSION = YES;
				CLANG_WARN_COMMA = YES;
				CLANG_WARN_CONSTANT_CONVERSION = YES;
				CLANG_WARN_DEPRECATED_OBJC_IMPLEMENTATIONS = YES;
				CLANG_WARN_DIRECT_OBJC_ISA_USAGE = YES_ERROR;
				CLANG_WARN_DOCUMENTATION_COMMENTS = YES;
				CLANG_WARN_EMPTY_BODY = YES;
				CLANG_WARN_ENUM_CONVERSION = YES;
				CLANG_WARN_INFINITE_RECURSION = YES;
				CLANG_WARN_INT_CONVERSION = YES;
				CLANG_WARN_NON_LITERAL_NULL_CONVERSION = YES;
				CLANG_WARN_OBJC_IMPLICIT_RETAIN_SELF = YES;
				CLANG_WARN_OBJC_LITERAL_CONVERSION = YES;
				CLANG_WARN_OBJC_ROOT_CLASS = YES_ERROR;
				CLANG_WARN_RANGE_LOOP_ANALYSIS = YES;
				CLANG_WARN_STRICT_PROTOTYPES = YES;
				CLANG_WARN_SUSPICIOUS_MOVE = YES;
				CLANG_WARN_UNGUARDED_AVAILABILITY = YES_AGGRESSIVE;
				CLANG_WARN_UNREACHABLE_CODE = YES;
				CLANG_WARN__DUPLICATE_METHOD_MATCH = YES;
				CODE_SIGN_IDENTITY = "iPhone Developer";
				COPY_PHASE_STRIP = NO;
				DEBUG_INFORMATION_FORMAT = "dwarf-with-dsym";
				ENABLE_NS_ASSERTIONS = NO;
				ENABLE_STRICT_OBJC_MSGSEND = YES;
				GCC_C_LANGUAGE_STANDARD = gnu11;
				GCC_NO_COMMON_BLOCKS = YES;
				GCC_WARN_64_TO_32_BIT_CONVERSION = YES;
				GCC_WARN_ABOUT_RETURN_TYPE = YES_ERROR;
				GCC_WARN_UNDECLARED_SELECTOR = YES;
				GCC_WARN_UNINITIALIZED_AUTOS = YES_AGGRESSIVE;
				GCC_WARN_UNUSED_FUNCTION = YES;
				GCC_WARN_UNUSED_VARIABLE = YES;
				IPHONEOS_DEPLOYMENT_TARGET = 12.2;
				MTL_ENABLE_DEBUG_INFO = NO;
				MTL_FAST_MATH = YES;
				SDKROOT = iphoneos;
				SWIFT_COMPILATION_MODE = wholemodule;
				SWIFT_OPTIMIZATION_LEVEL = "-O";
				VALIDATE_PRODUCT = YES;
			};
			name = Release;
		};
		EC5A7F8E22BDC35F00C22DA0 /* Debug */ = {
			isa = XCBuildConfiguration;
			baseConfigurationReference = C97125ADEA163B4D612ADA26 /* Pods-DevelopIt.debug.xcconfig */;
			buildSettings = {
				ASSETCATALOG_COMPILER_APPICON_NAME = AppIcon;
				CODE_SIGN_STYLE = Automatic;
				DEVELOPMENT_TEAM = VXUQXR6S56;
				INFOPLIST_FILE = "$(SRCROOT)/DevelopIt/Resources/Info.plist";
				LD_RUNPATH_SEARCH_PATHS = (
					"$(inherited)",
					"@executable_path/Frameworks",
				);
				PRODUCT_BUNDLE_IDENTIFIER = io.chrisopheraronson.DevelopIt;
				PRODUCT_NAME = "$(TARGET_NAME)";
				SWIFT_VERSION = 5.0;
				TARGETED_DEVICE_FAMILY = "1,2";
			};
			name = Debug;
		};
		EC5A7F8F22BDC35F00C22DA0 /* Release */ = {
			isa = XCBuildConfiguration;
			baseConfigurationReference = 6D4DDDD89E4FCA900DA5593B /* Pods-DevelopIt.release.xcconfig */;
			buildSettings = {
				ASSETCATALOG_COMPILER_APPICON_NAME = AppIcon;
				CODE_SIGN_STYLE = Automatic;
				DEVELOPMENT_TEAM = VXUQXR6S56;
				INFOPLIST_FILE = "$(SRCROOT)/DevelopIt/Resources/Info.plist";
				LD_RUNPATH_SEARCH_PATHS = (
					"$(inherited)",
					"@executable_path/Frameworks",
				);
				PRODUCT_BUNDLE_IDENTIFIER = io.chrisopheraronson.DevelopIt;
				PRODUCT_NAME = "$(TARGET_NAME)";
				SWIFT_VERSION = 5.0;
				TARGETED_DEVICE_FAMILY = "1,2";
			};
			name = Release;
		};
/* End XCBuildConfiguration section */

/* Begin XCConfigurationList section */
		EC3595DE22C0116C00BD11DF /* Build configuration list for PBXNativeTarget "DevelopItTests" */ = {
			isa = XCConfigurationList;
			buildConfigurations = (
				EC3595DC22C0116C00BD11DF /* Debug */,
				EC3595DD22C0116C00BD11DF /* Release */,
			);
			defaultConfigurationIsVisible = 0;
			defaultConfigurationName = Release;
		};
		EC5A7F7622BDC35A00C22DA0 /* Build configuration list for PBXProject "DevelopIt" */ = {
			isa = XCConfigurationList;
			buildConfigurations = (
				EC5A7F8B22BDC35F00C22DA0 /* Debug */,
				EC5A7F8C22BDC35F00C22DA0 /* Release */,
			);
			defaultConfigurationIsVisible = 0;
			defaultConfigurationName = Release;
		};
		EC5A7F8D22BDC35F00C22DA0 /* Build configuration list for PBXNativeTarget "DevelopIt" */ = {
			isa = XCConfigurationList;
			buildConfigurations = (
				EC5A7F8E22BDC35F00C22DA0 /* Debug */,
				EC5A7F8F22BDC35F00C22DA0 /* Release */,
			);
			defaultConfigurationIsVisible = 0;
			defaultConfigurationName = Release;
		};
/* End XCConfigurationList section */

/* Begin XCVersionGroup section */
		EC3595DF22C0128300BD11DF /* DevelopIt.xcdatamodeld */ = {
			isa = XCVersionGroup;
			children = (
				EC3595E022C0128300BD11DF /* DevelopIt.xcdatamodel */,
			);
			currentVersion = EC3595E022C0128300BD11DF /* DevelopIt.xcdatamodel */;
			path = DevelopIt.xcdatamodeld;
			sourceTree = "<group>";
			versionGroupType = wrapper.xcdatamodel;
		};
/* End XCVersionGroup section */
	};
	rootObject = EC5A7F7322BDC35A00C22DA0 /* Project object */;
}
